
Microsoft Visual Studio Solution File, Format Version 12.00
# Visual Studio 15
VisualStudioVersion = 15.0.28307.438
MinimumVisualStudioVersion = 10.0.40219.1
Project("{9A19103F-16F7-4668-BE54-9A1E7A4F7556}") = "P01_StudentSystem", "P01_StudentSystem\P01_StudentSystem.csproj", "{3D5C5E38-3961-4D97-A825-7459A665DE7C}"
EndProject
Project("{FAE04EC0-301F-11D3-BF4B-00C04F79EFBC}") = "P03_FootballBetting", "P03_FootballBetting\P03_FootballBetting.csproj", "{0C87987A-E212-4F2D-AD00-3E1F1769C9E5}"
EndProject
Global
	GlobalSection(SolutionConfigurationPlatforms) = preSolution
		Debug|Any CPU = Debug|Any CPU
		Release|Any CPU = Release|Any CPU
	EndGlobalSection
	GlobalSection(ProjectConfigurationPlatforms) = postSolution
		{3D5C5E38-3961-4D97-A825-7459A665DE7C}.Debug|Any CPU.ActiveCfg = Debug|Any CPU
		{3D5C5E38-3961-4D97-A825-7459A665DE7C}.Debug|Any CPU.Build.0 = Debug|Any CPU
		{3D5C5E38-3961-4D97-A825-7459A665DE7C}.Release|Any CPU.ActiveCfg = Release|Any CPU
		{3D5C5E38-3961-4D97-A825-7459A665DE7C}.Release|Any CPU.Build.0 = Release|Any CPU
		{0C87987A-E212-4F2D-AD00-3E1F1769C9E5}.Debug|Any CPU.ActiveCfg = Debug|Any CPU
		{0C87987A-E212-4F2D-AD00-3E1F1769C9E5}.Debug|Any CPU.Build.0 = Debug|Any CPU
		{0C87987A-E212-4F2D-AD00-3E1F1769C9E5}.Release|Any CPU.ActiveCfg = Release|Any CPU
		{0C87987A-E212-4F2D-AD00-3E1F1769C9E5}.Release|Any CPU.Build.0 = Release|Any CPU
	EndGlobalSection
	GlobalSection(SolutionProperties) = preSolution
		HideSolutionNode = FALSE
	EndGlobalSection
	GlobalSection(ExtensibilityGlobals) = postSolution
		SolutionGuid = {058CCD2D-4F22-46DD-B9A9-7D16C8276352}
	EndGlobalSection
EndGlobal
