
Microsoft Visual Studio Solution File, Format Version 12.00
# Visual Studio 15
VisualStudioVersion = 15.0.28010.2041
MinimumVisualStudioVersion = 10.0.40219.1
Project("{9A19103F-16F7-4668-BE54-9A1E7A4F7556}") = "P01_HospitalDatabase", "P01_HospitalDatabase\P01_HospitalDatabase.csproj", "{9033986C-C197-404B-B7A5-23F6DB93BD60}"
EndProject
Project("{FAE04EC0-301F-11D3-BF4B-00C04F79EFBC}") = "P03_SalesDatabase", "P03_SalesDatabase\P03_SalesDatabase.csproj", "{C1C38D36-2791-437A-9E06-8E966682CD4D}"
EndProject
Global
	GlobalSection(SolutionConfigurationPlatforms) = preSolution
		Debug|Any CPU = Debug|Any CPU
		Release|Any CPU = Release|Any CPU
	EndGlobalSection
	GlobalSection(ProjectConfigurationPlatforms) = postSolution
		{9033986C-C197-404B-B7A5-23F6DB93BD60}.Debug|Any CPU.ActiveCfg = Debug|Any CPU
		{9033986C-C197-404B-B7A5-23F6DB93BD60}.Debug|Any CPU.Build.0 = Debug|Any CPU
		{9033986C-C197-404B-B7A5-23F6DB93BD60}.Release|Any CPU.ActiveCfg = Release|Any CPU
		{9033986C-C197-404B-B7A5-23F6DB93BD60}.Release|Any CPU.Build.0 = Release|Any CPU
		{C1C38D36-2791-437A-9E06-8E966682CD4D}.Debug|Any CPU.ActiveCfg = Debug|Any CPU
		{C1C38D36-2791-437A-9E06-8E966682CD4D}.Debug|Any CPU.Build.0 = Debug|Any CPU
		{C1C38D36-2791-437A-9E06-8E966682CD4D}.Release|Any CPU.ActiveCfg = Release|Any CPU
		{C1C38D36-2791-437A-9E06-8E966682CD4D}.Release|Any CPU.Build.0 = Release|Any CPU
	EndGlobalSection
	GlobalSection(SolutionProperties) = preSolution
		HideSolutionNode = FALSE
	EndGlobalSection
	GlobalSection(ExtensibilityGlobals) = postSolution
		SolutionGuid = {18B83ED3-E1ED-4A05-A96A-7486C33C9D68}
	EndGlobalSection
EndGlobal
